
Microsoft Visual Studio Solution File, Format Version 12.00
# Visual Studio 15
VisualStudioVersion = 15.0.27703.2042
MinimumVisualStudioVersion = 10.0.40219.1
Project("{FAE04EC0-301F-11D3-BF4B-00C04F79EFBC}") = "RPSConsole", "RPSConsole\RPSConsole.csproj", "{00338BEE-5860-47D7-89EC-FBDA656C7425}"
EndProject
Project("{FAE04EC0-301F-11D3-BF4B-00C04F79EFBC}") = "Repository", "Repository\Repository.csproj", "{0B0064F4-2CD5-4AE0-8BCD-6B4CC8B04900}"
EndProject
Global
	GlobalSection(SolutionConfigurationPlatforms) = preSolution
		Debug|Any CPU = Debug|Any CPU
		Release|Any CPU = Release|Any CPU
	EndGlobalSection
	GlobalSection(ProjectConfigurationPlatforms) = postSolution
		{00338BEE-5860-47D7-89EC-FBDA656C7425}.Debug|Any CPU.ActiveCfg = Debug|Any CPU
		{00338BEE-5860-47D7-89EC-FBDA656C7425}.Debug|Any CPU.Build.0 = Debug|Any CPU
		{00338BEE-5860-47D7-89EC-FBDA656C7425}.Release|Any CPU.ActiveCfg = Release|Any CPU
		{00338BEE-5860-47D7-89EC-FBDA656C7425}.Release|Any CPU.Build.0 = Release|Any CPU
		{0B0064F4-2CD5-4AE0-8BCD-6B4CC8B04900}.Debug|Any CPU.ActiveCfg = Debug|Any CPU
		{0B0064F4-2CD5-4AE0-8BCD-6B4CC8B04900}.Debug|Any CPU.Build.0 = Debug|Any CPU
		{0B0064F4-2CD5-4AE0-8BCD-6B4CC8B04900}.Release|Any CPU.ActiveCfg = Release|Any CPU
		{0B0064F4-2CD5-4AE0-8BCD-6B4CC8B04900}.Release|Any CPU.Build.0 = Release|Any CPU
	EndGlobalSection
	GlobalSection(SolutionProperties) = preSolution
		HideSolutionNode = FALSE
	EndGlobalSection
	GlobalSection(ExtensibilityGlobals) = postSolution
		SolutionGuid = {4B5FED49-F189-4FB0-89B3-84D2C9DDB0FF}
	EndGlobalSection
EndGlobal
